
Microsoft Visual Studio Solution File, Format Version 12.00
# Visual Studio Version 16
VisualStudioVersion = 16.0.29709.97
MinimumVisualStudioVersion = 10.0.40219.1
Project("{FAE04EC0-301F-11D3-BF4B-00C04F79EFBC}") = "RedLine", "RedLine\RedLine.csproj", "{4E5C43DA-763E-46E5-9E51-5E1FEF0FF6B3}"
EndProject
Global
	GlobalSection(SolutionConfigurationPlatforms) = preSolution
		Debug|Any CPU = Debug|Any CPU
		Release|Any CPU = Release|Any CPU
	EndGlobalSection
	GlobalSection(ProjectConfigurationPlatforms) = postSolution
		{4E5C43DA-763E-46E5-9E51-5E1FEF0FF6B3}.Debug|Any CPU.ActiveCfg = Debug|Any CPU
		{4E5C43DA-763E-46E5-9E51-5E1FEF0FF6B3}.Debug|Any CPU.Build.0 = Debug|Any CPU
		{4E5C43DA-763E-46E5-9E51-5E1FEF0FF6B3}.Release|Any CPU.ActiveCfg = Release|Any CPU
		{4E5C43DA-763E-46E5-9E51-5E1FEF0FF6B3}.Release|Any CPU.Build.0 = Release|Any CPU
	EndGlobalSection
	GlobalSection(SolutionProperties) = preSolution
		HideSolutionNode = FALSE
	EndGlobalSection
	GlobalSection(ExtensibilityGlobals) = postSolution
		SolutionGuid = {32D79072-F2C2-4E14-A984-DAA573B15809}
	EndGlobalSection
EndGlobal
